<Solution>
  <Project Path="Blog/Blog.csproj" />
  <Project Path="BlogDB/BlogDB.sqlproj" Id="a3e9dad0-5315-40ec-8fb7-d3bbb7fd6c7e">
    <Build />
    <Deploy />
  </Project>
  <Project Path="DB/DB.sqlproj" Id="63aa461a-92d9-42a5-a1c5-1fb2073dbada">
    <Build />
    <Deploy />
  </Project>
</Solution>
